
Microsoft Visual Studio Solution File, Format Version 11.00
# Visual Studio 2010
Project("{8BC9CEB8-8B4A-11D0-8D11-00A0C91BC942}") = "FGG", "Packages\FastGaussTransform\FGG\FGG.vcxproj", "{21FC1601-BEF3-4B8E-B63A-DF05F506320E}"
EndProject
Project("{8BC9CEB8-8B4A-11D0-8D11-00A0C91BC942}") = "Matlib", "Packages\MatLib\Matlib\Matlib.vcxproj", "{AE8ED8D4-5BB1-47A7-A1CB-A916F0BF7AFD}"
EndProject
Project("{8BC9CEB8-8B4A-11D0-8D11-00A0C91BC942}") = "expokitcpp", "Packages\MatrixExponential\expokit\expokitcpp\expokitcpp\expokitcpp.vcxproj", "{56BA9F4F-AF87-441B-B41C-93A43AB3A3D3}"
EndProject
Project("{6989167D-11E4-40FE-8C1A-2192A86A7E90}") = "expokit", "Packages\MatrixExponential\expokit\fortran\expokit\expokit.vfproj", "{7104772D-E66C-44B7-A91C-C716FB2CEA33}"
EndProject
Project("{8BC9CEB8-8B4A-11D0-8D11-00A0C91BC942}") = "klMatrixCoreLib", "klMatrixCore\klMatrixCoreLib.vcxproj", "{DDD44601-359E-441C-9650-4FAB056661C8}"
EndProject
Project("{8BC9CEB8-8B4A-11D0-8D11-00A0C91BC942}") = "klMatrixCoreTest", "klMatrixCore\klMatrixCore.vcxproj", "{CA6D277C-DEBC-4504-9822-612705B71E96}"
	ProjectSection(ProjectDependencies) = postProject
		{DDD44601-359E-441C-9650-4FAB056661C8} = {DDD44601-359E-441C-9650-4FAB056661C8}
	EndProjectSection
EndProject
Project("{8BC9CEB8-8B4A-11D0-8D11-00A0C91BC942}") = "itpp_mkl", "Packages\itpp\itpp-4.3.1\win32\itpp_mkl.vs2010.vcxproj", "{C069ECD3-26E8-437C-8B20-3A5D68B22F2A}"
EndProject
Project("{2150E333-8FDC-42A3-9474-1A3956D46DE8}") = "NumericalLibraries", "NumericalLibraries", "{8453A450-E194-47DA-937C-F0D85F37E68A}"
EndProject
Project("{2150E333-8FDC-42A3-9474-1A3956D46DE8}") = "WCFService", "WCFService", "{BB426589-79BE-4E15-BD0E-411B83D1A4F6}"
EndProject
Project("{2150E333-8FDC-42A3-9474-1A3956D46DE8}") = "ImageCore", "ImageCore", "{03EEBDCB-DBDA-4494-987F-6187FDD8044A}"
EndProject
Project("{8BC9CEB8-8B4A-11D0-8D11-00A0C91BC942}") = "libjpeg", "klImageCore\tiff-4.0.0beta4\tiff-4.0.0beta4\libjpeg\libjpeg.vcxproj", "{843AB1F7-A172-4A8A-BB00-1F524B85653C}"
EndProject
Project("{8BC9CEB8-8B4A-11D0-8D11-00A0C91BC942}") = "libtiff", "klImageCore\tiff-4.0.0beta4\tiff-4.0.0beta4\libtiff\libTiffVC.vcxproj", "{3F84A25C-8B7B-4476-986B-D796B85EC2BF}"
EndProject
Project("{8BC9CEB8-8B4A-11D0-8D11-00A0C91BC942}") = "libz", "klImageCore\tiff-4.0.0beta4\tiff-4.0.0beta4\libz\libz.vcxproj", "{6027BAB3-5D5C-4641-BCD2-570399D1E73C}"
EndProject
Project("{8BC9CEB8-8B4A-11D0-8D11-00A0C91BC942}") = "klImageCoreV", "klImageCore\klImageCoreV\klImageCoreV.vcxproj", "{5D92FD03-F989-4E3F-96D4-BE417003B02C}"
EndProject
Project("{2150E333-8FDC-42A3-9474-1A3956D46DE8}") = "ImageFormatLibs", "ImageFormatLibs", "{886BE71B-7B34-42AD-846C-BD7347B6A66B}"
EndProject
Project("{FAE04EC0-301F-11D3-BF4B-00C04F79EFBC}") = "BezierTool", "klImageCore\klWPFImageROIExtractor\BezierTool.csproj", "{9762BB94-8D82-4279-BEC0-3E739C2D7575}"
EndProject
Project("{FAE04EC0-301F-11D3-BF4B-00C04F79EFBC}") = "klImageCoreInteropTest", "klImageCore\TestImageCoreInterop\klImageCoreInteropTest.csproj", "{DE6CA51E-5485-4A29-A2F7-70312972AC04}"
EndProject
Project("{8BC9CEB8-8B4A-11D0-8D11-00A0C91BC942}") = "TestKLImageCoreUnmanaged", "klImageCore\TestImageCoreUnmanaged\TestKLImageCoreUnmanaged.vcxproj", "{5D8418B4-5B36-4606-9033-D425E7FBBDE9}"
EndProject
Project("{8BC9CEB8-8B4A-11D0-8D11-00A0C91BC942}") = "ICC", "klImageCore\SampleICC-1.4.0\IccProfLib\ICC_VCBuild\ICC_VCBuild.vcxproj", "{E1360929-2C19-4D03-8001-71F7DCC7FE58}"
EndProject
Project("{8BC9CEB8-8B4A-11D0-8D11-00A0C91BC942}") = "SuperLU_MT_VC", "Packages\SuperLU_MT_2.1\SuperLU_MT_VC\SuperLU_MT_VC.vcxproj", "{BF7E5F63-6DF7-41D4-B08D-91777E9E9CF9}"
EndProject
Project("{8BC9CEB8-8B4A-11D0-8D11-00A0C91BC942}") = "libsdpa", "Packages\sdpa\libsdpa\libsdpa.vcxproj", "{EEBEBC9B-A88A-45B0-9234-6DC2F5FDD226}"
EndProject
Project("{6989167D-11E4-40FE-8C1A-2192A86A7E90}") = "ARPACK2", "Packages\ARPACK2\ARPACK2.vfproj", "{869F29EE-FD85-431C-BB8B-63550B323BB9}"
EndProject
Project("{8BC9CEB8-8B4A-11D0-8D11-00A0C91BC942}") = "UMFPACK", "Packages\UMFPACK\UMFPACK\UMFPACK.vcxproj", "{30B5D694-7637-42C3-AC55-4B960450A442}"
EndProject
Project("{FAE04EC0-301F-11D3-BF4B-00C04F79EFBC}") = "klServiceCore", "klDN\klServiceCore\klServiceCore.csproj", "{1A2F1A1A-A0B3-4B70-BBFB-64BEFD5014D8}"
EndProject
Project("{FAE04EC0-301F-11D3-BF4B-00C04F79EFBC}") = "klWCFServiceHost", "klDN\klWCFServiceHost\klWCFServiceHost.csproj", "{28A5BCDF-942C-4252-9D8F-6BF68C75F52E}"
EndProject
Project("{FAE04EC0-301F-11D3-BF4B-00C04F79EFBC}") = "klWCFServiceClient", "klDN\klWCFServiceClient\klWCFServiceClient.csproj", "{A8DA94B6-EF40-4D5D-94DC-0F4D803ECE20}"
EndProject
Global
	GlobalSection(SolutionConfigurationPlatforms) = preSolution
		Debug|Any CPU = Debug|Any CPU
		Debug|Mixed Platforms = Debug|Mixed Platforms
		Debug|Win32 = Debug|Win32
		Debug|x64 = Debug|x64
		Release|Any CPU = Release|Any CPU
		Release|Mixed Platforms = Release|Mixed Platforms
		Release|Win32 = Release|Win32
		Release|x64 = Release|x64
	EndGlobalSection
	GlobalSection(ProjectConfigurationPlatforms) = postSolution
		{21FC1601-BEF3-4B8E-B63A-DF05F506320E}.Debug|Any CPU.ActiveCfg = Debug|x64
		{21FC1601-BEF3-4B8E-B63A-DF05F506320E}.Debug|Mixed Platforms.ActiveCfg = Debug|x64
		{21FC1601-BEF3-4B8E-B63A-DF05F506320E}.Debug|Mixed Platforms.Build.0 = Debug|x64
		{21FC1601-BEF3-4B8E-B63A-DF05F506320E}.Debug|Win32.ActiveCfg = Debug|Win32
		{21FC1601-BEF3-4B8E-B63A-DF05F506320E}.Debug|Win32.Build.0 = Debug|Win32
		{21FC1601-BEF3-4B8E-B63A-DF05F506320E}.Debug|x64.ActiveCfg = Debug|x64
		{21FC1601-BEF3-4B8E-B63A-DF05F506320E}.Debug|x64.Build.0 = Debug|x64
		{21FC1601-BEF3-4B8E-B63A-DF05F506320E}.Release|Any CPU.ActiveCfg = Release|x64
		{21FC1601-BEF3-4B8E-B63A-DF05F506320E}.Release|Mixed Platforms.ActiveCfg = Release|x64
		{21FC1601-BEF3-4B8E-B63A-DF05F506320E}.Release|Mixed Platforms.Build.0 = Release|x64
		{21FC1601-BEF3-4B8E-B63A-DF05F506320E}.Release|Win32.ActiveCfg = Release|Win32
		{21FC1601-BEF3-4B8E-B63A-DF05F506320E}.Release|Win32.Build.0 = Release|Win32
		{21FC1601-BEF3-4B8E-B63A-DF05F506320E}.Release|x64.ActiveCfg = Release|x64
		{21FC1601-BEF3-4B8E-B63A-DF05F506320E}.Release|x64.Build.0 = Release|x64
		{AE8ED8D4-5BB1-47A7-A1CB-A916F0BF7AFD}.Debug|Any CPU.ActiveCfg = Debug|x64
		{AE8ED8D4-5BB1-47A7-A1CB-A916F0BF7AFD}.Debug|Mixed Platforms.ActiveCfg = Debug|x64
		{AE8ED8D4-5BB1-47A7-A1CB-A916F0BF7AFD}.Debug|Mixed Platforms.Build.0 = Debug|x64
		{AE8ED8D4-5BB1-47A7-A1CB-A916F0BF7AFD}.Debug|Win32.ActiveCfg = Debug|Win32
		{AE8ED8D4-5BB1-47A7-A1CB-A916F0BF7AFD}.Debug|Win32.Build.0 = Debug|Win32
		{AE8ED8D4-5BB1-47A7-A1CB-A916F0BF7AFD}.Debug|x64.ActiveCfg = Debug|x64
		{AE8ED8D4-5BB1-47A7-A1CB-A916F0BF7AFD}.Debug|x64.Build.0 = Debug|x64
		{AE8ED8D4-5BB1-47A7-A1CB-A916F0BF7AFD}.Release|Any CPU.ActiveCfg = Release|x64
		{AE8ED8D4-5BB1-47A7-A1CB-A916F0BF7AFD}.Release|Mixed Platforms.ActiveCfg = Release|x64
		{AE8ED8D4-5BB1-47A7-A1CB-A916F0BF7AFD}.Release|Mixed Platforms.Build.0 = Release|x64
		{AE8ED8D4-5BB1-47A7-A1CB-A916F0BF7AFD}.Release|Win32.ActiveCfg = Release|Win32
		{AE8ED8D4-5BB1-47A7-A1CB-A916F0BF7AFD}.Release|Win32.Build.0 = Release|Win32
		{AE8ED8D4-5BB1-47A7-A1CB-A916F0BF7AFD}.Release|x64.ActiveCfg = Release|x64
		{AE8ED8D4-5BB1-47A7-A1CB-A916F0BF7AFD}.Release|x64.Build.0 = Release|x64
		{56BA9F4F-AF87-441B-B41C-93A43AB3A3D3}.Debug|Any CPU.ActiveCfg = Debug|x64
		{56BA9F4F-AF87-441B-B41C-93A43AB3A3D3}.Debug|Mixed Platforms.ActiveCfg = Debug|x64
		{56BA9F4F-AF87-441B-B41C-93A43AB3A3D3}.Debug|Mixed Platforms.Build.0 = Debug|x64
		{56BA9F4F-AF87-441B-B41C-93A43AB3A3D3}.Debug|Win32.ActiveCfg = Debug|Win32
		{56BA9F4F-AF87-441B-B41C-93A43AB3A3D3}.Debug|Win32.Build.0 = Debug|Win32
		{56BA9F4F-AF87-441B-B41C-93A43AB3A3D3}.Debug|x64.ActiveCfg = Debug|x64
		{56BA9F4F-AF87-441B-B41C-93A43AB3A3D3}.Debug|x64.Build.0 = Debug|x64
		{56BA9F4F-AF87-441B-B41C-93A43AB3A3D3}.Release|Any CPU.ActiveCfg = Release|x64
		{56BA9F4F-AF87-441B-B41C-93A43AB3A3D3}.Release|Mixed Platforms.ActiveCfg = Release|x64
		{56BA9F4F-AF87-441B-B41C-93A43AB3A3D3}.Release|Mixed Platforms.Build.0 = Release|x64
		{56BA9F4F-AF87-441B-B41C-93A43AB3A3D3}.Release|Win32.ActiveCfg = Release|Win32
		{56BA9F4F-AF87-441B-B41C-93A43AB3A3D3}.Release|Win32.Build.0 = Release|Win32
		{56BA9F4F-AF87-441B-B41C-93A43AB3A3D3}.Release|x64.ActiveCfg = Release|x64
		{56BA9F4F-AF87-441B-B41C-93A43AB3A3D3}.Release|x64.Build.0 = Release|x64
		{7104772D-E66C-44B7-A91C-C716FB2CEA33}.Debug|Any CPU.ActiveCfg = Debug|x64
		{7104772D-E66C-44B7-A91C-C716FB2CEA33}.Debug|Mixed Platforms.ActiveCfg = Debug|x64
		{7104772D-E66C-44B7-A91C-C716FB2CEA33}.Debug|Mixed Platforms.Build.0 = Debug|x64
		{7104772D-E66C-44B7-A91C-C716FB2CEA33}.Debug|Win32.ActiveCfg = Debug|Win32
		{7104772D-E66C-44B7-A91C-C716FB2CEA33}.Debug|Win32.Build.0 = Debug|Win32
		{7104772D-E66C-44B7-A91C-C716FB2CEA33}.Debug|x64.ActiveCfg = Debug|x64
		{7104772D-E66C-44B7-A91C-C716FB2CEA33}.Debug|x64.Build.0 = Debug|x64
		{7104772D-E66C-44B7-A91C-C716FB2CEA33}.Release|Any CPU.ActiveCfg = Release|x64
		{7104772D-E66C-44B7-A91C-C716FB2CEA33}.Release|Mixed Platforms.ActiveCfg = Release|x64
		{7104772D-E66C-44B7-A91C-C716FB2CEA33}.Release|Mixed Platforms.Build.0 = Release|x64
		{7104772D-E66C-44B7-A91C-C716FB2CEA33}.Release|Win32.ActiveCfg = Release|Win32
		{7104772D-E66C-44B7-A91C-C716FB2CEA33}.Release|Win32.Build.0 = Release|Win32
		{7104772D-E66C-44B7-A91C-C716FB2CEA33}.Release|x64.ActiveCfg = Release|x64
		{7104772D-E66C-44B7-A91C-C716FB2CEA33}.Release|x64.Build.0 = Release|x64
		{DDD44601-359E-441C-9650-4FAB056661C8}.Debug|Any CPU.ActiveCfg = Debug|x64
		{DDD44601-359E-441C-9650-4FAB056661C8}.Debug|Mixed Platforms.ActiveCfg = Debug|x64
		{DDD44601-359E-441C-9650-4FAB056661C8}.Debug|Mixed Platforms.Build.0 = Debug|x64
		{DDD44601-359E-441C-9650-4FAB056661C8}.Debug|Win32.ActiveCfg = Debug|x64
		{DDD44601-359E-441C-9650-4FAB056661C8}.Debug|x64.ActiveCfg = Debug|x64
		{DDD44601-359E-441C-9650-4FAB056661C8}.Debug|x64.Build.0 = Debug|x64
		{DDD44601-359E-441C-9650-4FAB056661C8}.Release|Any CPU.ActiveCfg = Release|x64
		{DDD44601-359E-441C-9650-4FAB056661C8}.Release|Mixed Platforms.ActiveCfg = Release|x64
		{DDD44601-359E-441C-9650-4FAB056661C8}.Release|Mixed Platforms.Build.0 = Release|x64
		{DDD44601-359E-441C-9650-4FAB056661C8}.Release|Win32.ActiveCfg = Release|x64
		{DDD44601-359E-441C-9650-4FAB056661C8}.Release|x64.ActiveCfg = Release|x64
		{DDD44601-359E-441C-9650-4FAB056661C8}.Release|x64.Build.0 = Release|x64
		{CA6D277C-DEBC-4504-9822-612705B71E96}.Debug|Any CPU.ActiveCfg = Debug|x64
		{CA6D277C-DEBC-4504-9822-612705B71E96}.Debug|Mixed Platforms.ActiveCfg = Debug|x64
		{CA6D277C-DEBC-4504-9822-612705B71E96}.Debug|Mixed Platforms.Build.0 = Debug|x64
		{CA6D277C-DEBC-4504-9822-612705B71E96}.Debug|Win32.ActiveCfg = Debug|x64
		{CA6D277C-DEBC-4504-9822-612705B71E96}.Debug|x64.ActiveCfg = Debug|x64
		{CA6D277C-DEBC-4504-9822-612705B71E96}.Debug|x64.Build.0 = Debug|x64
		{CA6D277C-DEBC-4504-9822-612705B71E96}.Release|Any CPU.ActiveCfg = Release|x64
		{CA6D277C-DEBC-4504-9822-612705B71E96}.Release|Mixed Platforms.ActiveCfg = Release|x64
		{CA6D277C-DEBC-4504-9822-612705B71E96}.Release|Mixed Platforms.Build.0 = Release|x64
		{CA6D277C-DEBC-4504-9822-612705B71E96}.Release|Win32.ActiveCfg = Release|x64
		{CA6D277C-DEBC-4504-9822-612705B71E96}.Release|x64.ActiveCfg = Release|x64
		{CA6D277C-DEBC-4504-9822-612705B71E96}.Release|x64.Build.0 = Release|x64
		{C069ECD3-26E8-437C-8B20-3A5D68B22F2A}.Debug|Any CPU.ActiveCfg = Debug|x64
		{C069ECD3-26E8-437C-8B20-3A5D68B22F2A}.Debug|Mixed Platforms.ActiveCfg = Debug|x64
		{C069ECD3-26E8-437C-8B20-3A5D68B22F2A}.Debug|Mixed Platforms.Build.0 = Debug|x64
		{C069ECD3-26E8-437C-8B20-3A5D68B22F2A}.Debug|Win32.ActiveCfg = Debug|Win32
		{C069ECD3-26E8-437C-8B20-3A5D68B22F2A}.Debug|Win32.Build.0 = Debug|Win32
		{C069ECD3-26E8-437C-8B20-3A5D68B22F2A}.Debug|x64.ActiveCfg = Debug|x64
		{C069ECD3-26E8-437C-8B20-3A5D68B22F2A}.Debug|x64.Build.0 = Debug|x64
		{C069ECD3-26E8-437C-8B20-3A5D68B22F2A}.Release|Any CPU.ActiveCfg = Release|x64
		{C069ECD3-26E8-437C-8B20-3A5D68B22F2A}.Release|Mixed Platforms.ActiveCfg = Release|x64
		{C069ECD3-26E8-437C-8B20-3A5D68B22F2A}.Release|Mixed Platforms.Build.0 = Release|x64
		{C069ECD3-26E8-437C-8B20-3A5D68B22F2A}.Release|Win32.ActiveCfg = Release|Win32
		{C069ECD3-26E8-437C-8B20-3A5D68B22F2A}.Release|Win32.Build.0 = Release|Win32
		{C069ECD3-26E8-437C-8B20-3A5D68B22F2A}.Release|x64.ActiveCfg = Release|x64
		{C069ECD3-26E8-437C-8B20-3A5D68B22F2A}.Release|x64.Build.0 = Release|x64
		{843AB1F7-A172-4A8A-BB00-1F524B85653C}.Debug|Any CPU.ActiveCfg = Debug|x64
		{843AB1F7-A172-4A8A-BB00-1F524B85653C}.Debug|Mixed Platforms.ActiveCfg = Debug|x64
		{843AB1F7-A172-4A8A-BB00-1F524B85653C}.Debug|Mixed Platforms.Build.0 = Debug|x64
		{843AB1F7-A172-4A8A-BB00-1F524B85653C}.Debug|Win32.ActiveCfg = Debug|Win32
		{843AB1F7-A172-4A8A-BB00-1F524B85653C}.Debug|Win32.Build.0 = Debug|Win32
		{843AB1F7-A172-4A8A-BB00-1F524B85653C}.Debug|x64.ActiveCfg = Debug|x64
		{843AB1F7-A172-4A8A-BB00-1F524B85653C}.Debug|x64.Build.0 = Debug|x64
		{843AB1F7-A172-4A8A-BB00-1F524B85653C}.Release|Any CPU.ActiveCfg = Release|x64
		{843AB1F7-A172-4A8A-BB00-1F524B85653C}.Release|Mixed Platforms.ActiveCfg = Release|x64
		{843AB1F7-A172-4A8A-BB00-1F524B85653C}.Release|Mixed Platforms.Build.0 = Release|x64
		{843AB1F7-A172-4A8A-BB00-1F524B85653C}.Release|Win32.ActiveCfg = Release|Win32
		{843AB1F7-A172-4A8A-BB00-1F524B85653C}.Release|Win32.Build.0 = Release|Win32
		{843AB1F7-A172-4A8A-BB00-1F524B85653C}.Release|x64.ActiveCfg = Release|x64
		{843AB1F7-A172-4A8A-BB00-1F524B85653C}.Release|x64.Build.0 = Release|x64
		{3F84A25C-8B7B-4476-986B-D796B85EC2BF}.Debug|Any CPU.ActiveCfg = Debug|x64
		{3F84A25C-8B7B-4476-986B-D796B85EC2BF}.Debug|Mixed Platforms.ActiveCfg = Debug|x64
		{3F84A25C-8B7B-4476-986B-D796B85EC2BF}.Debug|Mixed Platforms.Build.0 = Debug|x64
		{3F84A25C-8B7B-4476-986B-D796B85EC2BF}.Debug|Win32.ActiveCfg = Debug|Win32
		{3F84A25C-8B7B-4476-986B-D796B85EC2BF}.Debug|Win32.Build.0 = Debug|Win32
		{3F84A25C-8B7B-4476-986B-D796B85EC2BF}.Debug|x64.ActiveCfg = Debug|x64
		{3F84A25C-8B7B-4476-986B-D796B85EC2BF}.Debug|x64.Build.0 = Debug|x64
		{3F84A25C-8B7B-4476-986B-D796B85EC2BF}.Release|Any CPU.ActiveCfg = Release|x64
		{3F84A25C-8B7B-4476-986B-D796B85EC2BF}.Release|Mixed Platforms.ActiveCfg = Release|x64
		{3F84A25C-8B7B-4476-986B-D796B85EC2BF}.Release|Mixed Platforms.Build.0 = Release|x64
		{3F84A25C-8B7B-4476-986B-D796B85EC2BF}.Release|Win32.ActiveCfg = Release|Win32
		{3F84A25C-8B7B-4476-986B-D796B85EC2BF}.Release|Win32.Build.0 = Release|Win32
		{3F84A25C-8B7B-4476-986B-D796B85EC2BF}.Release|x64.ActiveCfg = Release|x64
		{3F84A25C-8B7B-4476-986B-D796B85EC2BF}.Release|x64.Build.0 = Release|x64
		{6027BAB3-5D5C-4641-BCD2-570399D1E73C}.Debug|Any CPU.ActiveCfg = Debug|x64
		{6027BAB3-5D5C-4641-BCD2-570399D1E73C}.Debug|Mixed Platforms.ActiveCfg = Debug|x64
		{6027BAB3-5D5C-4641-BCD2-570399D1E73C}.Debug|Mixed Platforms.Build.0 = Debug|x64
		{6027BAB3-5D5C-4641-BCD2-570399D1E73C}.Debug|Win32.ActiveCfg = Debug|Win32
		{6027BAB3-5D5C-4641-BCD2-570399D1E73C}.Debug|Win32.Build.0 = Debug|Win32
		{6027BAB3-5D5C-4641-BCD2-570399D1E73C}.Debug|x64.ActiveCfg = Debug|x64
		{6027BAB3-5D5C-4641-BCD2-570399D1E73C}.Debug|x64.Build.0 = Debug|x64
		{6027BAB3-5D5C-4641-BCD2-570399D1E73C}.Release|Any CPU.ActiveCfg = Release|x64
		{6027BAB3-5D5C-4641-BCD2-570399D1E73C}.Release|Mixed Platforms.ActiveCfg = Release|x64
		{6027BAB3-5D5C-4641-BCD2-570399D1E73C}.Release|Mixed Platforms.Build.0 = Release|x64
		{6027BAB3-5D5C-4641-BCD2-570399D1E73C}.Release|Win32.ActiveCfg = Release|Win32
		{6027BAB3-5D5C-4641-BCD2-570399D1E73C}.Release|Win32.Build.0 = Release|Win32
		{6027BAB3-5D5C-4641-BCD2-570399D1E73C}.Release|x64.ActiveCfg = Release|x64
		{6027BAB3-5D5C-4641-BCD2-570399D1E73C}.Release|x64.Build.0 = Release|x64
		{5D92FD03-F989-4E3F-96D4-BE417003B02C}.Debug|Any CPU.ActiveCfg = Debug|x64
		{5D92FD03-F989-4E3F-96D4-BE417003B02C}.Debug|Mixed Platforms.ActiveCfg = Debug|x64
		{5D92FD03-F989-4E3F-96D4-BE417003B02C}.Debug|Mixed Platforms.Build.0 = Debug|x64
		{5D92FD03-F989-4E3F-96D4-BE417003B02C}.Debug|Win32.ActiveCfg = Debug|x64
		{5D92FD03-F989-4E3F-96D4-BE417003B02C}.Debug|x64.ActiveCfg = Debug|x64
		{5D92FD03-F989-4E3F-96D4-BE417003B02C}.Debug|x64.Build.0 = Debug|x64
		{5D92FD03-F989-4E3F-96D4-BE417003B02C}.Release|Any CPU.ActiveCfg = Release|x64
		{5D92FD03-F989-4E3F-96D4-BE417003B02C}.Release|Mixed Platforms.ActiveCfg = Release|x64
		{5D92FD03-F989-4E3F-96D4-BE417003B02C}.Release|Mixed Platforms.Build.0 = Release|x64
		{5D92FD03-F989-4E3F-96D4-BE417003B02C}.Release|Win32.ActiveCfg = Release|x64
		{5D92FD03-F989-4E3F-96D4-BE417003B02C}.Release|x64.ActiveCfg = Release|x64
		{5D92FD03-F989-4E3F-96D4-BE417003B02C}.Release|x64.Build.0 = Release|x64
		{9762BB94-8D82-4279-BEC0-3E739C2D7575}.Debug|Any CPU.ActiveCfg = Debug|Any CPU
		{9762BB94-8D82-4279-BEC0-3E739C2D7575}.Debug|Any CPU.Build.0 = Debug|Any CPU
		{9762BB94-8D82-4279-BEC0-3E739C2D7575}.Debug|Mixed Platforms.ActiveCfg = Debug|Any CPU
		{9762BB94-8D82-4279-BEC0-3E739C2D7575}.Debug|Mixed Platforms.Build.0 = Debug|Any CPU
		{9762BB94-8D82-4279-BEC0-3E739C2D7575}.Debug|Win32.ActiveCfg = Debug|Any CPU
		{9762BB94-8D82-4279-BEC0-3E739C2D7575}.Debug|x64.ActiveCfg = Debug|Any CPU
		{9762BB94-8D82-4279-BEC0-3E739C2D7575}.Release|Any CPU.ActiveCfg = Release|Any CPU
		{9762BB94-8D82-4279-BEC0-3E739C2D7575}.Release|Any CPU.Build.0 = Release|Any CPU
		{9762BB94-8D82-4279-BEC0-3E739C2D7575}.Release|Mixed Platforms.ActiveCfg = Release|Any CPU
		{9762BB94-8D82-4279-BEC0-3E739C2D7575}.Release|Mixed Platforms.Build.0 = Release|Any CPU
		{9762BB94-8D82-4279-BEC0-3E739C2D7575}.Release|Win32.ActiveCfg = Release|Any CPU
		{9762BB94-8D82-4279-BEC0-3E739C2D7575}.Release|x64.ActiveCfg = Release|Any CPU
		{DE6CA51E-5485-4A29-A2F7-70312972AC04}.Debug|Any CPU.ActiveCfg = Debug|Any CPU
		{DE6CA51E-5485-4A29-A2F7-70312972AC04}.Debug|Any CPU.Build.0 = Debug|Any CPU
		{DE6CA51E-5485-4A29-A2F7-70312972AC04}.Debug|Mixed Platforms.ActiveCfg = Debug|x64
		{DE6CA51E-5485-4A29-A2F7-70312972AC04}.Debug|Mixed Platforms.Build.0 = Debug|x64
		{DE6CA51E-5485-4A29-A2F7-70312972AC04}.Debug|Win32.ActiveCfg = Debug|x64
		{DE6CA51E-5485-4A29-A2F7-70312972AC04}.Debug|x64.ActiveCfg = Debug|x64
		{DE6CA51E-5485-4A29-A2F7-70312972AC04}.Debug|x64.Build.0 = Debug|x64
		{DE6CA51E-5485-4A29-A2F7-70312972AC04}.Release|Any CPU.ActiveCfg = Release|Any CPU
		{DE6CA51E-5485-4A29-A2F7-70312972AC04}.Release|Any CPU.Build.0 = Release|Any CPU
		{DE6CA51E-5485-4A29-A2F7-70312972AC04}.Release|Mixed Platforms.ActiveCfg = Release|x64
		{DE6CA51E-5485-4A29-A2F7-70312972AC04}.Release|Mixed Platforms.Build.0 = Release|x64
		{DE6CA51E-5485-4A29-A2F7-70312972AC04}.Release|Win32.ActiveCfg = Release|x64
		{DE6CA51E-5485-4A29-A2F7-70312972AC04}.Release|x64.ActiveCfg = Release|x64
		{DE6CA51E-5485-4A29-A2F7-70312972AC04}.Release|x64.Build.0 = Release|x64
		{5D8418B4-5B36-4606-9033-D425E7FBBDE9}.Debug|Any CPU.ActiveCfg = Debug|x64
		{5D8418B4-5B36-4606-9033-D425E7FBBDE9}.Debug|Mixed Platforms.ActiveCfg = Debug|x64
		{5D8418B4-5B36-4606-9033-D425E7FBBDE9}.Debug|Mixed Platforms.Build.0 = Debug|x64
		{5D8418B4-5B36-4606-9033-D425E7FBBDE9}.Debug|Win32.ActiveCfg = Debug|Win32
		{5D8418B4-5B36-4606-9033-D425E7FBBDE9}.Debug|Win32.Build.0 = Debug|Win32
		{5D8418B4-5B36-4606-9033-D425E7FBBDE9}.Debug|x64.ActiveCfg = Debug|x64
		{5D8418B4-5B36-4606-9033-D425E7FBBDE9}.Debug|x64.Build.0 = Debug|x64
		{5D8418B4-5B36-4606-9033-D425E7FBBDE9}.Release|Any CPU.ActiveCfg = Release|x64
		{5D8418B4-5B36-4606-9033-D425E7FBBDE9}.Release|Mixed Platforms.ActiveCfg = Release|x64
		{5D8418B4-5B36-4606-9033-D425E7FBBDE9}.Release|Mixed Platforms.Build.0 = Release|x64
		{5D8418B4-5B36-4606-9033-D425E7FBBDE9}.Release|Win32.ActiveCfg = Release|Win32
		{5D8418B4-5B36-4606-9033-D425E7FBBDE9}.Release|Win32.Build.0 = Release|Win32
		{5D8418B4-5B36-4606-9033-D425E7FBBDE9}.Release|x64.ActiveCfg = Release|x64
		{5D8418B4-5B36-4606-9033-D425E7FBBDE9}.Release|x64.Build.0 = Release|x64
		{E1360929-2C19-4D03-8001-71F7DCC7FE58}.Debug|Any CPU.ActiveCfg = Debug|x64
		{E1360929-2C19-4D03-8001-71F7DCC7FE58}.Debug|Mixed Platforms.ActiveCfg = Debug|x64
		{E1360929-2C19-4D03-8001-71F7DCC7FE58}.Debug|Mixed Platforms.Build.0 = Debug|x64
		{E1360929-2C19-4D03-8001-71F7DCC7FE58}.Debug|Win32.ActiveCfg = Debug|Win32
		{E1360929-2C19-4D03-8001-71F7DCC7FE58}.Debug|Win32.Build.0 = Debug|Win32
		{E1360929-2C19-4D03-8001-71F7DCC7FE58}.Debug|x64.ActiveCfg = Debug|x64
		{E1360929-2C19-4D03-8001-71F7DCC7FE58}.Debug|x64.Build.0 = Debug|x64
		{E1360929-2C19-4D03-8001-71F7DCC7FE58}.Release|Any CPU.ActiveCfg = Release|x64
		{E1360929-2C19-4D03-8001-71F7DCC7FE58}.Release|Mixed Platforms.ActiveCfg = Release|x64
		{E1360929-2C19-4D03-8001-71F7DCC7FE58}.Release|Mixed Platforms.Build.0 = Release|x64
		{E1360929-2C19-4D03-8001-71F7DCC7FE58}.Release|Win32.ActiveCfg = Release|Win32
		{E1360929-2C19-4D03-8001-71F7DCC7FE58}.Release|Win32.Build.0 = Release|Win32
		{E1360929-2C19-4D03-8001-71F7DCC7FE58}.Release|x64.ActiveCfg = Release|x64
		{E1360929-2C19-4D03-8001-71F7DCC7FE58}.Release|x64.Build.0 = Release|x64
		{BF7E5F63-6DF7-41D4-B08D-91777E9E9CF9}.Debug|Any CPU.ActiveCfg = Debug|Win32
		{BF7E5F63-6DF7-41D4-B08D-91777E9E9CF9}.Debug|Mixed Platforms.ActiveCfg = Debug|x64
		{BF7E5F63-6DF7-41D4-B08D-91777E9E9CF9}.Debug|Mixed Platforms.Build.0 = Debug|x64
		{BF7E5F63-6DF7-41D4-B08D-91777E9E9CF9}.Debug|Win32.ActiveCfg = Debug|Win32
		{BF7E5F63-6DF7-41D4-B08D-91777E9E9CF9}.Debug|Win32.Build.0 = Debug|Win32
		{BF7E5F63-6DF7-41D4-B08D-91777E9E9CF9}.Debug|x64.ActiveCfg = Debug|x64
		{BF7E5F63-6DF7-41D4-B08D-91777E9E9CF9}.Debug|x64.Build.0 = Debug|x64
		{BF7E5F63-6DF7-41D4-B08D-91777E9E9CF9}.Release|Any CPU.ActiveCfg = Release|Win32
		{BF7E5F63-6DF7-41D4-B08D-91777E9E9CF9}.Release|Mixed Platforms.ActiveCfg = Release|Win32
		{BF7E5F63-6DF7-41D4-B08D-91777E9E9CF9}.Release|Mixed Platforms.Build.0 = Release|Win32
		{BF7E5F63-6DF7-41D4-B08D-91777E9E9CF9}.Release|Win32.ActiveCfg = Release|Win32
		{BF7E5F63-6DF7-41D4-B08D-91777E9E9CF9}.Release|Win32.Build.0 = Release|Win32
		{BF7E5F63-6DF7-41D4-B08D-91777E9E9CF9}.Release|x64.ActiveCfg = Release|x64
		{BF7E5F63-6DF7-41D4-B08D-91777E9E9CF9}.Release|x64.Build.0 = Release|x64
		{EEBEBC9B-A88A-45B0-9234-6DC2F5FDD226}.Debug|Any CPU.ActiveCfg = Debug|x64
		{EEBEBC9B-A88A-45B0-9234-6DC2F5FDD226}.Debug|Mixed Platforms.ActiveCfg = Debug|x64
		{EEBEBC9B-A88A-45B0-9234-6DC2F5FDD226}.Debug|Mixed Platforms.Build.0 = Debug|x64
		{EEBEBC9B-A88A-45B0-9234-6DC2F5FDD226}.Debug|Win32.ActiveCfg = Debug|Win32
		{EEBEBC9B-A88A-45B0-9234-6DC2F5FDD226}.Debug|Win32.Build.0 = Debug|Win32
		{EEBEBC9B-A88A-45B0-9234-6DC2F5FDD226}.Debug|x64.ActiveCfg = Debug|x64
		{EEBEBC9B-A88A-45B0-9234-6DC2F5FDD226}.Debug|x64.Build.0 = Debug|x64
		{EEBEBC9B-A88A-45B0-9234-6DC2F5FDD226}.Release|Any CPU.ActiveCfg = Release|x64
		{EEBEBC9B-A88A-45B0-9234-6DC2F5FDD226}.Release|Mixed Platforms.ActiveCfg = Release|x64
		{EEBEBC9B-A88A-45B0-9234-6DC2F5FDD226}.Release|Mixed Platforms.Build.0 = Release|x64
		{EEBEBC9B-A88A-45B0-9234-6DC2F5FDD226}.Release|Win32.ActiveCfg = Release|Win32
		{EEBEBC9B-A88A-45B0-9234-6DC2F5FDD226}.Release|Win32.Build.0 = Release|Win32
		{EEBEBC9B-A88A-45B0-9234-6DC2F5FDD226}.Release|x64.ActiveCfg = Release|x64
		{EEBEBC9B-A88A-45B0-9234-6DC2F5FDD226}.Release|x64.Build.0 = Release|x64
		{869F29EE-FD85-431C-BB8B-63550B323BB9}.Debug|Any CPU.ActiveCfg = Debug|x64
		{869F29EE-FD85-431C-BB8B-63550B323BB9}.Debug|Mixed Platforms.ActiveCfg = Debug|x64
		{869F29EE-FD85-431C-BB8B-63550B323BB9}.Debug|Mixed Platforms.Build.0 = Debug|x64
		{869F29EE-FD85-431C-BB8B-63550B323BB9}.Debug|Win32.ActiveCfg = Debug|Win32
		{869F29EE-FD85-431C-BB8B-63550B323BB9}.Debug|Win32.Build.0 = Debug|Win32
		{869F29EE-FD85-431C-BB8B-63550B323BB9}.Debug|x64.ActiveCfg = Debug|x64
		{869F29EE-FD85-431C-BB8B-63550B323BB9}.Debug|x64.Build.0 = Debug|x64
		{869F29EE-FD85-431C-BB8B-63550B323BB9}.Release|Any CPU.ActiveCfg = Release|x64
		{869F29EE-FD85-431C-BB8B-63550B323BB9}.Release|Mixed Platforms.ActiveCfg = Release|x64
		{869F29EE-FD85-431C-BB8B-63550B323BB9}.Release|Mixed Platforms.Build.0 = Release|x64
		{869F29EE-FD85-431C-BB8B-63550B323BB9}.Release|Win32.ActiveCfg = Release|Win32
		{869F29EE-FD85-431C-BB8B-63550B323BB9}.Release|Win32.Build.0 = Release|Win32
		{869F29EE-FD85-431C-BB8B-63550B323BB9}.Release|x64.ActiveCfg = Release|x64
		{869F29EE-FD85-431C-BB8B-63550B323BB9}.Release|x64.Build.0 = Release|x64
		{30B5D694-7637-42C3-AC55-4B960450A442}.Debug|Any CPU.ActiveCfg = Debug|x64
		{30B5D694-7637-42C3-AC55-4B960450A442}.Debug|Mixed Platforms.ActiveCfg = Debug|x64
		{30B5D694-7637-42C3-AC55-4B960450A442}.Debug|Mixed Platforms.Build.0 = Debug|x64
		{30B5D694-7637-42C3-AC55-4B960450A442}.Debug|Win32.ActiveCfg = Debug|Win32
		{30B5D694-7637-42C3-AC55-4B960450A442}.Debug|Win32.Build.0 = Debug|Win32
		{30B5D694-7637-42C3-AC55-4B960450A442}.Debug|x64.ActiveCfg = Debug|x64
		{30B5D694-7637-42C3-AC55-4B960450A442}.Debug|x64.Build.0 = Debug|x64
		{30B5D694-7637-42C3-AC55-4B960450A442}.Release|Any CPU.ActiveCfg = Release|x64
		{30B5D694-7637-42C3-AC55-4B960450A442}.Release|Mixed Platforms.ActiveCfg = Release|x64
		{30B5D694-7637-42C3-AC55-4B960450A442}.Release|Mixed Platforms.Build.0 = Release|x64
		{30B5D694-7637-42C3-AC55-4B960450A442}.Release|Win32.ActiveCfg = Release|Win32
		{30B5D694-7637-42C3-AC55-4B960450A442}.Release|Win32.Build.0 = Release|Win32
		{30B5D694-7637-42C3-AC55-4B960450A442}.Release|x64.ActiveCfg = Release|x64
		{30B5D694-7637-42C3-AC55-4B960450A442}.Release|x64.Build.0 = Release|x64
		{1A2F1A1A-A0B3-4B70-BBFB-64BEFD5014D8}.Debug|Any CPU.ActiveCfg = Debug|Any CPU
		{1A2F1A1A-A0B3-4B70-BBFB-64BEFD5014D8}.Debug|Any CPU.Build.0 = Debug|Any CPU
		{1A2F1A1A-A0B3-4B70-BBFB-64BEFD5014D8}.Debug|Mixed Platforms.ActiveCfg = Debug|x64
		{1A2F1A1A-A0B3-4B70-BBFB-64BEFD5014D8}.Debug|Mixed Platforms.Build.0 = Debug|x64
		{1A2F1A1A-A0B3-4B70-BBFB-64BEFD5014D8}.Debug|Win32.ActiveCfg = Debug|x64
		{1A2F1A1A-A0B3-4B70-BBFB-64BEFD5014D8}.Debug|x64.ActiveCfg = Debug|x64
		{1A2F1A1A-A0B3-4B70-BBFB-64BEFD5014D8}.Debug|x64.Build.0 = Debug|x64
		{1A2F1A1A-A0B3-4B70-BBFB-64BEFD5014D8}.Release|Any CPU.ActiveCfg = Release|Any CPU
		{1A2F1A1A-A0B3-4B70-BBFB-64BEFD5014D8}.Release|Any CPU.Build.0 = Release|Any CPU
		{1A2F1A1A-A0B3-4B70-BBFB-64BEFD5014D8}.Release|Mixed Platforms.ActiveCfg = Release|x64
		{1A2F1A1A-A0B3-4B70-BBFB-64BEFD5014D8}.Release|Mixed Platforms.Build.0 = Release|x64
		{1A2F1A1A-A0B3-4B70-BBFB-64BEFD5014D8}.Release|Win32.ActiveCfg = Release|x64
		{1A2F1A1A-A0B3-4B70-BBFB-64BEFD5014D8}.Release|x64.ActiveCfg = Release|x64
		{1A2F1A1A-A0B3-4B70-BBFB-64BEFD5014D8}.Release|x64.Build.0 = Release|x64
		{28A5BCDF-942C-4252-9D8F-6BF68C75F52E}.Debug|Any CPU.ActiveCfg = Debug|Any CPU
		{28A5BCDF-942C-4252-9D8F-6BF68C75F52E}.Debug|Any CPU.Build.0 = Debug|Any CPU
		{28A5BCDF-942C-4252-9D8F-6BF68C75F52E}.Debug|Mixed Platforms.ActiveCfg = Debug|Any CPU
		{28A5BCDF-942C-4252-9D8F-6BF68C75F52E}.Debug|Mixed Platforms.Build.0 = Debug|Any CPU
		{28A5BCDF-942C-4252-9D8F-6BF68C75F52E}.Debug|Win32.ActiveCfg = Debug|Any CPU
		{28A5BCDF-942C-4252-9D8F-6BF68C75F52E}.Debug|x64.ActiveCfg = Debug|Any CPU
		{28A5BCDF-942C-4252-9D8F-6BF68C75F52E}.Release|Any CPU.ActiveCfg = Release|Any CPU
		{28A5BCDF-942C-4252-9D8F-6BF68C75F52E}.Release|Any CPU.Build.0 = Release|Any CPU
		{28A5BCDF-942C-4252-9D8F-6BF68C75F52E}.Release|Mixed Platforms.ActiveCfg = Release|Any CPU
		{28A5BCDF-942C-4252-9D8F-6BF68C75F52E}.Release|Mixed Platforms.Build.0 = Release|Any CPU
		{28A5BCDF-942C-4252-9D8F-6BF68C75F52E}.Release|Win32.ActiveCfg = Release|Any CPU
		{28A5BCDF-942C-4252-9D8F-6BF68C75F52E}.Release|x64.ActiveCfg = Release|Any CPU
		{A8DA94B6-EF40-4D5D-94DC-0F4D803ECE20}.Debug|Any CPU.ActiveCfg = Debug|Any CPU
		{A8DA94B6-EF40-4D5D-94DC-0F4D803ECE20}.Debug|Any CPU.Build.0 = Debug|Any CPU
		{A8DA94B6-EF40-4D5D-94DC-0F4D803ECE20}.Debug|Mixed Platforms.ActiveCfg = Debug|Any CPU
		{A8DA94B6-EF40-4D5D-94DC-0F4D803ECE20}.Debug|Mixed Platforms.Build.0 = Debug|Any CPU
		{A8DA94B6-EF40-4D5D-94DC-0F4D803ECE20}.Debug|Win32.ActiveCfg = Debug|Any CPU
		{A8DA94B6-EF40-4D5D-94DC-0F4D803ECE20}.Debug|x64.ActiveCfg = Debug|Any CPU
		{A8DA94B6-EF40-4D5D-94DC-0F4D803ECE20}.Release|Any CPU.ActiveCfg = Release|Any CPU
		{A8DA94B6-EF40-4D5D-94DC-0F4D803ECE20}.Release|Any CPU.Build.0 = Release|Any CPU
		{A8DA94B6-EF40-4D5D-94DC-0F4D803ECE20}.Release|Mixed Platforms.ActiveCfg = Release|Any CPU
		{A8DA94B6-EF40-4D5D-94DC-0F4D803ECE20}.Release|Mixed Platforms.Build.0 = Release|Any CPU
		{A8DA94B6-EF40-4D5D-94DC-0F4D803ECE20}.Release|Win32.ActiveCfg = Release|Any CPU
		{A8DA94B6-EF40-4D5D-94DC-0F4D803ECE20}.Release|x64.ActiveCfg = Release|Any CPU
	EndGlobalSection
	GlobalSection(SolutionProperties) = preSolution
		HideSolutionNode = FALSE
	EndGlobalSection
	GlobalSection(NestedProjects) = preSolution
		{21FC1601-BEF3-4B8E-B63A-DF05F506320E} = {8453A450-E194-47DA-937C-F0D85F37E68A}
		{AE8ED8D4-5BB1-47A7-A1CB-A916F0BF7AFD} = {8453A450-E194-47DA-937C-F0D85F37E68A}
		{56BA9F4F-AF87-441B-B41C-93A43AB3A3D3} = {8453A450-E194-47DA-937C-F0D85F37E68A}
		{7104772D-E66C-44B7-A91C-C716FB2CEA33} = {8453A450-E194-47DA-937C-F0D85F37E68A}
		{C069ECD3-26E8-437C-8B20-3A5D68B22F2A} = {8453A450-E194-47DA-937C-F0D85F37E68A}
		{BF7E5F63-6DF7-41D4-B08D-91777E9E9CF9} = {8453A450-E194-47DA-937C-F0D85F37E68A}
		{EEBEBC9B-A88A-45B0-9234-6DC2F5FDD226} = {8453A450-E194-47DA-937C-F0D85F37E68A}
		{869F29EE-FD85-431C-BB8B-63550B323BB9} = {8453A450-E194-47DA-937C-F0D85F37E68A}
		{30B5D694-7637-42C3-AC55-4B960450A442} = {8453A450-E194-47DA-937C-F0D85F37E68A}
		{1A2F1A1A-A0B3-4B70-BBFB-64BEFD5014D8} = {BB426589-79BE-4E15-BD0E-411B83D1A4F6}
		{28A5BCDF-942C-4252-9D8F-6BF68C75F52E} = {BB426589-79BE-4E15-BD0E-411B83D1A4F6}
		{A8DA94B6-EF40-4D5D-94DC-0F4D803ECE20} = {BB426589-79BE-4E15-BD0E-411B83D1A4F6}
		{886BE71B-7B34-42AD-846C-BD7347B6A66B} = {03EEBDCB-DBDA-4494-987F-6187FDD8044A}
		{5D92FD03-F989-4E3F-96D4-BE417003B02C} = {03EEBDCB-DBDA-4494-987F-6187FDD8044A}
		{9762BB94-8D82-4279-BEC0-3E739C2D7575} = {03EEBDCB-DBDA-4494-987F-6187FDD8044A}
		{DE6CA51E-5485-4A29-A2F7-70312972AC04} = {03EEBDCB-DBDA-4494-987F-6187FDD8044A}
		{5D8418B4-5B36-4606-9033-D425E7FBBDE9} = {03EEBDCB-DBDA-4494-987F-6187FDD8044A}
		{3F84A25C-8B7B-4476-986B-D796B85EC2BF} = {886BE71B-7B34-42AD-846C-BD7347B6A66B}
		{6027BAB3-5D5C-4641-BCD2-570399D1E73C} = {886BE71B-7B34-42AD-846C-BD7347B6A66B}
		{843AB1F7-A172-4A8A-BB00-1F524B85653C} = {886BE71B-7B34-42AD-846C-BD7347B6A66B}
		{E1360929-2C19-4D03-8001-71F7DCC7FE58} = {886BE71B-7B34-42AD-846C-BD7347B6A66B}
	EndGlobalSection
	GlobalSection(IntelOptPkgProperties) = preSolution
		LoadPackage = true
	EndGlobalSection
EndGlobal
